
Microsoft Visual Studio Solution File, Format Version 12.00
# Visual Studio Version 17
VisualStudioVersion = 17.10.35027.167
MinimumVisualStudioVersion = 10.0.40219.1
Project("{FAE04EC0-301F-11D3-BF4B-00C04F79EFBC}") = "GuardaImagenNet6", "GuardaImagenNet6\GuardaImagenNet6.csproj", "{483620A7-FE90-44AC-A98C-ECC32053D8B2}"
EndProject
Global
	GlobalSection(SolutionConfigurationPlatforms) = preSolution
		Debug|Any CPU = Debug|Any CPU
		Release|Any CPU = Release|Any CPU
	EndGlobalSection
	GlobalSection(ProjectConfigurationPlatforms) = postSolution
		{483620A7-FE90-44AC-A98C-ECC32053D8B2}.Debug|Any CPU.ActiveCfg = Debug|Any CPU
		{483620A7-FE90-44AC-A98C-ECC32053D8B2}.Debug|Any CPU.Build.0 = Debug|Any CPU
		{483620A7-FE90-44AC-A98C-ECC32053D8B2}.Release|Any CPU.ActiveCfg = Release|Any CPU
		{483620A7-FE90-44AC-A98C-ECC32053D8B2}.Release|Any CPU.Build.0 = Release|Any CPU
	EndGlobalSection
	GlobalSection(SolutionProperties) = preSolution
		HideSolutionNode = FALSE
	EndGlobalSection
	GlobalSection(ExtensibilityGlobals) = postSolution
		SolutionGuid = {F44C160D-9269-4A76-8D42-C458FB2806CC}
	EndGlobalSection
EndGlobal
